
Microsoft Visual Studio Solution File, Format Version 12.00
# Visual Studio Version 16
VisualStudioVersion = 16.0.30413.136
MinimumVisualStudioVersion = 10.0.40219.1
Project("{FAE04EC0-301F-11D3-BF4B-00C04F79EFBC}") = "BankAccount", "BankAccount\BankAccount.csproj", "{5B1DBE4A-D593-4ED4-BB9B-0FA88C81C1EE}"
EndProject
Global
	GlobalSection(SolutionConfigurationPlatforms) = preSolution
		Debug|Any CPU = Debug|Any CPU
		Release|Any CPU = Release|Any CPU
	EndGlobalSection
	GlobalSection(ProjectConfigurationPlatforms) = postSolution
		{5B1DBE4A-D593-4ED4-BB9B-0FA88C81C1EE}.Debug|Any CPU.ActiveCfg = Debug|Any CPU
		{5B1DBE4A-D593-4ED4-BB9B-0FA88C81C1EE}.Debug|Any CPU.Build.0 = Debug|Any CPU
		{5B1DBE4A-D593-4ED4-BB9B-0FA88C81C1EE}.Release|Any CPU.ActiveCfg = Release|Any CPU
		{5B1DBE4A-D593-4ED4-BB9B-0FA88C81C1EE}.Release|Any CPU.Build.0 = Release|Any CPU
	EndGlobalSection
	GlobalSection(SolutionProperties) = preSolution
		HideSolutionNode = FALSE
	EndGlobalSection
	GlobalSection(ExtensibilityGlobals) = postSolution
		SolutionGuid = {0B91AF8F-03CF-41B6-A9FD-D11667C1989A}
	EndGlobalSection
EndGlobal
